# This file is autogenerated, do not edit; changes may be undone by the next 'dep ensure'.


[[projects]]
  name = "github.com/hanwen/go-fuse"
  packages = ["fuse","fuse/nodefs","fuse/pathfs","splice"]
  revision = "5690be47d614355a22931c129e1075c25a62e9ac"
  version = "v20170619"

[solve-meta]
  analyzer-name = "dep"
  analyzer-version = 1
  inputs-digest = "37ff5b6fcc85367253207b38b321a195d83c20375973ca94d994cb6550a7af8f"
  solver-name = "gps-cdcl"
  solver-version = 1
